{
  "name": "ToDoList",
  "lockfileVersion": 2,
  "requires": true,
  "packages": {
    "": {
      "dependencies": {
        "replace-string": "^4.0.0"
      }
    },
    "node_modules/replace-string": {
      "version": "4.0.0",
      "resolved": "https://registry.npmjs.org/replace-string/-/replace-string-4.0.0.tgz",
      "integrity": "sha512-fcgyZ62o26oBaihEC302pZQ2WectvmZ4sGOq4Lwa8ad12lPbhIlZCvLpgpI1sOAsbN83kpXiH5KCcr3pcZa8bA==",
      "engines": {
        "node": "^12.20.0 || ^14.13.1 || >=16.0.0"
      },
      "funding": {
        "url": "https://github.com/sponsors/sindresorhus"
      }
    }
  },
  "dependencies": {
    "replace-string": {
      "version": "4.0.0",
      "resolved": "https://registry.npmjs.org/replace-string/-/replace-string-4.0.0.tgz",
      "integrity": "sha512-fcgyZ62o26oBaihEC302pZQ2WectvmZ4sGOq4Lwa8ad12lPbhIlZCvLpgpI1sOAsbN83kpXiH5KCcr3pcZa8bA=="
    }
  }
}
